
Microsoft Visual Studio Solution File, Format Version 12.00
# Visual Studio 14
VisualStudioVersion = 14.0.23107.0
MinimumVisualStudioVersion = 10.0.40219.1
Project("{FAE04EC0-301F-11D3-BF4B-00C04F79EFBC}") = "Orbital Mechanix Suite", "Orbital Mechanix Suite\Orbital Mechanix Suite.csproj", "{C9501D7A-0375-469C-88D1-E4C5650E9CCA}"
EndProject
Project("{FAE04EC0-301F-11D3-BF4B-00C04F79EFBC}") = "Orbital Mechanix Suite Tests", "Orbital Mechanix Suite Tests\Orbital Mechanix Suite Tests.csproj", "{FBA3E194-FB96-4F8D-8D39-56D3D60B4865}"
EndProject
Global
	GlobalSection(SolutionConfigurationPlatforms) = preSolution
		Debug|Any CPU = Debug|Any CPU
		Release|Any CPU = Release|Any CPU
	EndGlobalSection
	GlobalSection(ProjectConfigurationPlatforms) = postSolution
		{C9501D7A-0375-469C-88D1-E4C5650E9CCA}.Debug|Any CPU.ActiveCfg = Debug|Any CPU
		{C9501D7A-0375-469C-88D1-E4C5650E9CCA}.Debug|Any CPU.Build.0 = Debug|Any CPU
		{C9501D7A-0375-469C-88D1-E4C5650E9CCA}.Release|Any CPU.ActiveCfg = Release|Any CPU
		{C9501D7A-0375-469C-88D1-E4C5650E9CCA}.Release|Any CPU.Build.0 = Release|Any CPU
		{FBA3E194-FB96-4F8D-8D39-56D3D60B4865}.Debug|Any CPU.ActiveCfg = Debug|Any CPU
		{FBA3E194-FB96-4F8D-8D39-56D3D60B4865}.Debug|Any CPU.Build.0 = Debug|Any CPU
		{FBA3E194-FB96-4F8D-8D39-56D3D60B4865}.Release|Any CPU.ActiveCfg = Release|Any CPU
		{FBA3E194-FB96-4F8D-8D39-56D3D60B4865}.Release|Any CPU.Build.0 = Release|Any CPU
	EndGlobalSection
	GlobalSection(SolutionProperties) = preSolution
		HideSolutionNode = FALSE
	EndGlobalSection
EndGlobal
